# This file is automatically @generated by Cargo.
# It is not intended for manual editing.
version = 3

[[package]]
name = "advent_of_code"
version = "1.0.0"
dependencies = [
 "aoc_lib",
 "solve_2020",
 "solve_2021",
]

[[package]]
name = "aoc_lib"
version = "1.0.0"

[[package]]
name = "solve_2020"
version = "1.0.0"
dependencies = [
 "aoc_lib",
]

[[package]]
name = "solve_2021"
version = "1.0.0"
dependencies = [
 "aoc_lib",
]
